
Microsoft Visual Studio Solution File, Format Version 12.00
# Visual Studio 15
VisualStudioVersion = 15.0.28010.2041
MinimumVisualStudioVersion = 10.0.40219.1
Project("{8BC9CEB8-8B4A-11D0-8D11-00A0C91BC942}") = "ConsoleApplication2", "ConsoleApplication2\ConsoleApplication2.vcxproj", "{5A267D64-F7BC-468B-A7D7-5DF4A3469EAE}"
EndProject
Global
	GlobalSection(SolutionConfigurationPlatforms) = preSolution
		Debug|x64 = Debug|x64
		Debug|x86 = Debug|x86
		Release|x64 = Release|x64
		Release|x86 = Release|x86
	EndGlobalSection
	GlobalSection(ProjectConfigurationPlatforms) = postSolution
		{5A267D64-F7BC-468B-A7D7-5DF4A3469EAE}.Debug|x64.ActiveCfg = Debug|x64
		{5A267D64-F7BC-468B-A7D7-5DF4A3469EAE}.Debug|x64.Build.0 = Debug|x64
		{5A267D64-F7BC-468B-A7D7-5DF4A3469EAE}.Debug|x86.ActiveCfg = Debug|Win32
		{5A267D64-F7BC-468B-A7D7-5DF4A3469EAE}.Debug|x86.Build.0 = Debug|Win32
		{5A267D64-F7BC-468B-A7D7-5DF4A3469EAE}.Release|x64.ActiveCfg = Release|x64
		{5A267D64-F7BC-468B-A7D7-5DF4A3469EAE}.Release|x64.Build.0 = Release|x64
		{5A267D64-F7BC-468B-A7D7-5DF4A3469EAE}.Release|x86.ActiveCfg = Release|Win32
		{5A267D64-F7BC-468B-A7D7-5DF4A3469EAE}.Release|x86.Build.0 = Release|Win32
	EndGlobalSection
	GlobalSection(SolutionProperties) = preSolution
		HideSolutionNode = FALSE
	EndGlobalSection
	GlobalSection(ExtensibilityGlobals) = postSolution
		SolutionGuid = {8BF239C0-2DFF-4424-BB03-32F595521D82}
	EndGlobalSection
EndGlobal
